
Microsoft Visual Studio Solution File, Format Version 12.00
Project("{FAE04EC0-301F-11D3-BF4B-00C04F79EFBC}") = "LR5", "LR5\LR5.csproj", "{84DB59D1-9681-45A2-A9D2-A7089451FA71}"
EndProject
Global
	GlobalSection(SolutionConfigurationPlatforms) = preSolution
		Debug|Any CPU = Debug|Any CPU
		Release|Any CPU = Release|Any CPU
	EndGlobalSection
	GlobalSection(ProjectConfigurationPlatforms) = postSolution
		{84DB59D1-9681-45A2-A9D2-A7089451FA71}.Debug|Any CPU.ActiveCfg = Debug|Any CPU
		{84DB59D1-9681-45A2-A9D2-A7089451FA71}.Debug|Any CPU.Build.0 = Debug|Any CPU
		{84DB59D1-9681-45A2-A9D2-A7089451FA71}.Release|Any CPU.ActiveCfg = Release|Any CPU
		{84DB59D1-9681-45A2-A9D2-A7089451FA71}.Release|Any CPU.Build.0 = Release|Any CPU
	EndGlobalSection
EndGlobal
